<?xml version="1.0" encoding="utf-8"?>
<Project ToolsVersion="4.0" xmlns="http://schemas.microsoft.com/developer/msbuild/2003">
  <ItemGroup>
    <Filter Include="Source Files">
      <UniqueIdentifier>{4FC737F1-C7A5-4376-A066-2A32D752A2FF}</UniqueIdentifier>
      <Extensions>cpp;c;cc;cxx;c++;cppm;ixx;def;odl;idl;hpj;bat;asm;asmx</Extensions>
    </Filter>
    <Filter Include="Header Files">
      <UniqueIdentifier>{93995380-89BD-4b04-88EB-625FBE52EBFB}</UniqueIdentifier>
      <Extensions>h;hh;hpp;hxx;h++;hm;inl;inc;ipp;xsd</Extensions>
    </Filter>
    <Filter Include="Resource Files">
      <UniqueIdentifier>{67DA6AB6-F800-4c08-8B7A-83BB121AAD01}</UniqueIdentifier>
      <Extensions>rc;ico;cur;bmp;dlg;rc2;rct;bin;rgs;gif;jpg;jpeg;jpe;resx;tiff;tif;png;wav;mfcribbon-ms</Extensions>
    </Filter>
    <Filter Include="Source Files\Handlers">
      <UniqueIdentifier>{dae96778-37e0-4ff5-a3da-142015674fde}</UniqueIdentifier>
    </Filter>
    <Filter Include="Source Files\Communication">
      <UniqueIdentifier>{72638e90-dd84-4a0a-8c94-8b5522c23341}</UniqueIdentifier>
    </Filter>
    <Filter Include="Source Files\Managers">
      <UniqueIdentifier>{1a70f95e-c09b-47f9-b16a-fc3e4b0e506a}</UniqueIdentifier>
    </Filter>
    <Filter Include="Source Files\Database">
      <UniqueIdentifier>{c6bd086d-3fef-4eec-85ad-611f315164fa}</UniqueIdentifier>
    </Filter>
    <Filter Include="Source Files\Seri + Desi">
      <UniqueIdentifier>{905879fe-360e-478f-93e1-fb96034b5000}</UniqueIdentifier>
    </Filter>
    <Filter Include="Source Files\ObjectsCode">
      <UniqueIdentifier>{32f2c504-0188-4215-87ef-9b1b43ae88bd}</UniqueIdentifier>
    </Filter>
    <Filter Include="Source Files\Helper">
      <UniqueIdentifier>{0fec659e-77ca-49ff-bb85-28a4feb1bb14}</UniqueIdentifier>
    </Filter>
    <Filter Include="Header Files\Database">
      <UniqueIdentifier>{4250d8e9-45d9-4d7d-a2b3-4cdf79577f43}</UniqueIdentifier>
    </Filter>
    <Filter Include="Header Files\Handlers">
      <UniqueIdentifier>{7d02521f-8e9c-4bf8-971c-68a0da142d2c}</UniqueIdentifier>
    </Filter>
    <Filter Include="Header Files\Communication">
      <UniqueIdentifier>{98a3eca9-ff14-435b-953a-aca15edb1456}</UniqueIdentifier>
    </Filter>
    <Filter Include="Header Files\Managers">
      <UniqueIdentifier>{52dcebfa-6deb-4316-ae20-23fc48cf533c}</UniqueIdentifier>
    </Filter>
    <Filter Include="Header Files\Helper">
      <UniqueIdentifier>{4afbbb44-6cb3-459e-955d-87b0a2d4fc41}</UniqueIdentifier>
    </Filter>
    <Filter Include="Header Files\ObjectsHeader">
      <UniqueIdentifier>{30cae57e-0ba1-4a5a-9276-e578b27ecd4a}</UniqueIdentifier>
    </Filter>
    <Filter Include="Header Files\Seri + Desi">
      <UniqueIdentifier>{acd6beb6-e7f3-4b9c-9ba5-8896d5ce4422}</UniqueIdentifier>
    </Filter>
  </ItemGroup>
  <ItemGroup>
    <ClInclude Include="json.hpp">
      <Filter>Header Files</Filter>
    </ClInclude>
    <ClInclude Include="IDatabase.h">
      <Filter>Header Files\Database</Filter>
    </ClInclude>
    <ClInclude Include="sqlite3.h">
      <Filter>Header Files\Database</Filter>
    </ClInclude>
    <ClInclude Include="SqliteDatabase.h">
      <Filter>Header Files\Database</Filter>
    </ClInclude>
    <ClInclude Include="IRequestHandler.h">
      <Filter>Header Files\Handlers</Filter>
    </ClInclude>
    <ClInclude Include="LoginRequestHandler.h">
      <Filter>Header Files\Handlers</Filter>
    </ClInclude>
    <ClInclude Include="MenuRequestHandler.h">
      <Filter>Header Files\Handlers</Filter>
    </ClInclude>
    <ClInclude Include="RequestHandlerFactory.h">
      <Filter>Header Files\Handlers</Filter>
    </ClInclude>
    <ClInclude Include="RoomAdminRequestHandler.h">
      <Filter>Header Files\Handlers</Filter>
    </ClInclude>
    <ClInclude Include="RoomMemberRequestHandler.h">
      <Filter>Header Files\Handlers</Filter>
    </ClInclude>
    <ClInclude Include="Server.h">
      <Filter>Header Files\Communication</Filter>
    </ClInclude>
    <ClInclude Include="WSAInitializer.h">
      <Filter>Header Files\Communication</Filter>
    </ClInclude>
    <ClInclude Include="LoginManager.h">
      <Filter>Header Files\Managers</Filter>
    </ClInclude>
    <ClInclude Include="RoomManager.h">
      <Filter>Header Files\Managers</Filter>
    </ClInclude>
    <ClInclude Include="StatisticsManager.h">
      <Filter>Header Files\Managers</Filter>
    </ClInclude>
    <ClInclude Include="Helper.h">
      <Filter>Header Files\Helper</Filter>
    </ClInclude>
    <ClInclude Include="RegexHelper.h">
      <Filter>Header Files\Helper</Filter>
    </ClInclude>
    <ClInclude Include="Room.h">
      <Filter>Header Files\ObjectsHeader</Filter>
    </ClInclude>
    <ClInclude Include="Responses.h">
      <Filter>Header Files\ObjectsHeader</Filter>
    </ClInclude>
    <ClInclude Include="Requests.h">
      <Filter>Header Files\ObjectsHeader</Filter>
    </ClInclude>
    <ClInclude Include="Question.h">
      <Filter>Header Files\ObjectsHeader</Filter>
    </ClInclude>
    <ClInclude Include="LoggedUser.h">
      <Filter>Header Files\ObjectsHeader</Filter>
    </ClInclude>
    <ClInclude Include="JsonResponsePacketSerializer.h">
      <Filter>Header Files\Seri + Desi</Filter>
    </ClInclude>
    <ClInclude Include="JsonRequestPacketDeserializer.h">
      <Filter>Header Files\Seri + Desi</Filter>
    </ClInclude>
    <ClInclude Include="GameManager.h">
      <Filter>Header Files\Managers</Filter>
    </ClInclude>
    <ClInclude Include="Game.h">
      <Filter>Header Files\ObjectsHeader</Filter>
    </ClInclude>
    <ClInclude Include="GameRequestHandler.h">
      <Filter>Header Files\Handlers</Filter>
    </ClInclude>
    <ClInclude Include="PlayerResults.h">
      <Filter>Header Files</Filter>
    </ClInclude>
    <ClInclude Include="RemoveDataManager.h">
      <Filter>Header Files</Filter>
    </ClInclude>
  </ItemGroup>
  <ItemGroup>
    <ClCompile Include="main.cpp">
      <Filter>Source Files</Filter>
    </ClCompile>
    <ClCompile Include="LoginRequestHandler.cpp">
      <Filter>Source Files\Handlers</Filter>
    </ClCompile>
    <ClCompile Include="RoomAdminRequestHandler.cpp">
      <Filter>Source Files\Handlers</Filter>
    </ClCompile>
    <ClCompile Include="RequestHandlerFactory.cpp">
      <Filter>Source Files\Handlers</Filter>
    </ClCompile>
    <ClCompile Include="RoomMemberRequestHandler.cpp">
      <Filter>Source Files\Handlers</Filter>
    </ClCompile>
    <ClCompile Include="MenuRequestHandler.cpp">
      <Filter>Source Files\Handlers</Filter>
    </ClCompile>
    <ClCompile Include="Server.cpp">
      <Filter>Source Files\Communication</Filter>
    </ClCompile>
    <ClCompile Include="Communicator.cpp">
      <Filter>Source Files\Communication</Filter>
    </ClCompile>
    <ClCompile Include="LoginManager.cpp">
      <Filter>Source Files\Managers</Filter>
    </ClCompile>
    <ClCompile Include="RoomManager.cpp">
      <Filter>Source Files\Managers</Filter>
    </ClCompile>
    <ClCompile Include="StatisticsManager.cpp">
      <Filter>Source Files\Managers</Filter>
    </ClCompile>
    <ClCompile Include="WSAInitializer.cpp">
      <Filter>Source Files\Communication</Filter>
    </ClCompile>
    <ClCompile Include="sqlite3.c">
      <Filter>Source Files\Database</Filter>
    </ClCompile>
    <ClCompile Include="SqliteDatabase.cpp">
      <Filter>Source Files\Database</Filter>
    </ClCompile>
    <ClCompile Include="JsonRequestPacketDeserializer.cpp">
      <Filter>Source Files\Seri + Desi</Filter>
    </ClCompile>
    <ClCompile Include="JsonResponsePacketSerializer.cpp">
      <Filter>Source Files\Seri + Desi</Filter>
    </ClCompile>
    <ClCompile Include="Room.cpp">
      <Filter>Source Files\ObjectsCode</Filter>
    </ClCompile>
    <ClCompile Include="Question.cpp">
      <Filter>Source Files\ObjectsCode</Filter>
    </ClCompile>
    <ClCompile Include="LoggedUser.cpp">
      <Filter>Source Files\ObjectsCode</Filter>
    </ClCompile>
    <ClCompile Include="RegexHelper.cpp">
      <Filter>Source Files\Helper</Filter>
    </ClCompile>
    <ClCompile Include="Helper.cpp">
      <Filter>Source Files\Helper</Filter>
    </ClCompile>
    <ClCompile Include="Communicator.h">
      <Filter>Header Files\Communication</Filter>
    </ClCompile>
    <ClCompile Include="Game.cpp">
      <Filter>Source Files\ObjectsCode</Filter>
    </ClCompile>
    <ClCompile Include="GameManager.cpp">
      <Filter>Source Files\Managers</Filter>
    </ClCompile>
    <ClCompile Include="GameRequestHandler.cpp">
      <Filter>Source Files\Handlers</Filter>
    </ClCompile>
  </ItemGroup>
</Project>